// !$*UTF8*$!
{
	archiveVersion = 1;
	classes = {
	};
	objectVersion = 50;
	objects = {

/* Begin PBXBuildFile section */
		23AC6E09739B037AD0ABCA48 /* Pods_BuckskinTests.framework in Frameworks */ = {isa = PBXBuildFile; fileRef = E712D81C8777655C7F292D6D /* Pods_BuckskinTests.framework */; };
		3B958593FF0D72C215B93848 /* Pods_Buckskin.framework in Frameworks */ = {isa = PBXBuildFile; fileRef = 8AF760D64A817C691DCB0131 /* Pods_Buckskin.framework */; };
		49B1815222A044E90025F6E4 /* AppDelegate.swift in Sources */ = {isa = PBXBuildFile; fileRef = 49B1815122A044E90025F6E4 /* AppDelegate.swift */; };
		49B1815422A044E90025F6E4 /* ViewController.swift in Sources */ = {isa = PBXBuildFile; fileRef = 49B1815322A044E90025F6E4 /* ViewController.swift */; };
		49B1815922A044EC0025F6E4 /* Assets.xcassets in Resources */ = {isa = PBXBuildFile; fileRef = 49B1815822A044EC0025F6E4 /* Assets.xcassets */; };
		49B1815C22A044EC0025F6E4 /* LaunchScreen.storyboard in Resources */ = {isa = PBXBuildFile; fileRef = 49B1815A22A044EC0025F6E4 /* LaunchScreen.storyboard */; };
		49B1816722A044EC0025F6E4 /* BuckskinTests.swift in Sources */ = {isa = PBXBuildFile; fileRef = 49B1816622A044EC0025F6E4 /* BuckskinTests.swift */; };
/* End PBXBuildFile section */

/* Begin PBXContainerItemProxy section */
		49B1816322A044EC0025F6E4 /* PBXContainerItemProxy */ = {
			isa = PBXContainerItemProxy;
			containerPortal = 49B1814622A044E90025F6E4 /* Project object */;
			proxyType = 1;
			remoteGlobalIDString = 49B1814D22A044E90025F6E4;
			remoteInfo = Buckskin;
		};
/* End PBXContainerItemProxy section */

/* Begin PBXFileReference section */
		1489D12FABDF89DE8D969BF4 /* Pods-Buckskin.debug.xcconfig */ = {isa = PBXFileReference; includeInIndex = 1; lastKnownFileType = text.xcconfig; name = "Pods-Buckskin.debug.xcconfig"; path = "Target Support Files/Pods-Buckskin/Pods-Buckskin.debug.xcconfig"; sourceTree = "<group>"; };
		15CB70BE28B4A0A9A8E8DB91 /* Pods-BuckskinTests.release.xcconfig */ = {isa = PBXFileReference; includeInIndex = 1; lastKnownFileType = text.xcconfig; name = "Pods-BuckskinTests.release.xcconfig"; path = "Target Support Files/Pods-BuckskinTests/Pods-BuckskinTests.release.xcconfig"; sourceTree = "<group>"; };
		206281D9FEF61A9E85D69A5D /* Pods-Buckskin.release.xcconfig */ = {isa = PBXFileReference; includeInIndex = 1; lastKnownFileType = text.xcconfig; name = "Pods-Buckskin.release.xcconfig"; path = "Target Support Files/Pods-Buckskin/Pods-Buckskin.release.xcconfig"; sourceTree = "<group>"; };
		49B1814E22A044E90025F6E4 /* Buckskin.app */ = {isa = PBXFileReference; explicitFileType = wrapper.application; includeInIndex = 0; path = Buckskin.app; sourceTree = BUILT_PRODUCTS_DIR; };
		49B1815122A044E90025F6E4 /* AppDelegate.swift */ = {isa = PBXFileReference; lastKnownFileType = sourcecode.swift; path = AppDelegate.swift; sourceTree = "<group>"; };
		49B1815322A044E90025F6E4 /* ViewController.swift */ = {isa = PBXFileReference; lastKnownFileType = sourcecode.swift; path = ViewController.swift; sourceTree = "<group>"; };
		49B1815822A044EC0025F6E4 /* Assets.xcassets */ = {isa = PBXFileReference; lastKnownFileType = folder.assetcatalog; path = Assets.xcassets; sourceTree = "<group>"; };
		49B1815B22A044EC0025F6E4 /* Base */ = {isa = PBXFileReference; lastKnownFileType = file.storyboard; name = Base; path = Base.lproj/LaunchScreen.storyboard; sourceTree = "<group>"; };
		49B1815D22A044EC0025F6E4 /* Info.plist */ = {isa = PBXFileReference; lastKnownFileType = text.plist.xml; path = Info.plist; sourceTree = "<group>"; };
		49B1816222A044EC0025F6E4 /* BuckskinTests.xctest */ = {isa = PBXFileReference; explicitFileType = wrapper.cfbundle; includeInIndex = 0; path = BuckskinTests.xctest; sourceTree = BUILT_PRODUCTS_DIR; };
		49B1816622A044EC0025F6E4 /* BuckskinTests.swift */ = {isa = PBXFileReference; lastKnownFileType = sourcecode.swift; path = BuckskinTests.swift; sourceTree = "<group>"; };
		49B1816822A044EC0025F6E4 /* Info.plist */ = {isa = PBXFileReference; lastKnownFileType = text.plist.xml; path = Info.plist; sourceTree = "<group>"; };
		49B1817F22A0468A0025F6E4 /* Buckskin copy-Info.plist */ = {isa = PBXFileReference; lastKnownFileType = text.plist.xml; name = "Buckskin copy-Info.plist"; path = "/Users/miguel/Desktop/Buckskin/Buckskin copy-Info.plist"; sourceTree = "<absolute>"; };
		88D8348393E850BC97AB3C65 /* Pods-BuckskinTests.debug.xcconfig */ = {isa = PBXFileReference; includeInIndex = 1; lastKnownFileType = text.xcconfig; name = "Pods-BuckskinTests.debug.xcconfig"; path = "Target Support Files/Pods-BuckskinTests/Pods-BuckskinTests.debug.xcconfig"; sourceTree = "<group>"; };
		8AF760D64A817C691DCB0131 /* Pods_Buckskin.framework */ = {isa = PBXFileReference; explicitFileType = wrapper.framework; includeInIndex = 0; path = Pods_Buckskin.framework; sourceTree = BUILT_PRODUCTS_DIR; };
		E712D81C8777655C7F292D6D /* Pods_BuckskinTests.framework */ = {isa = PBXFileReference; explicitFileType = wrapper.framework; includeInIndex = 0; path = Pods_BuckskinTests.framework; sourceTree = BUILT_PRODUCTS_DIR; };
/* End PBXFileReference section */

/* Begin PBXFrameworksBuildPhase section */
		49B1814B22A044E90025F6E4 /* Frameworks */ = {
			isa = PBXFrameworksBuildPhase;
			buildActionMask = 2147483647;
			files = (
				3B958593FF0D72C215B93848 /* Pods_Buckskin.framework in Frameworks */,
			);
			runOnlyForDeploymentPostprocessing = 0;
		};
		49B1815F22A044EC0025F6E4 /* Frameworks */ = {
			isa = PBXFrameworksBuildPhase;
			buildActionMask = 2147483647;
			files = (
				23AC6E09739B037AD0ABCA48 /* Pods_BuckskinTests.framework in Frameworks */,
			);
			runOnlyForDeploymentPostprocessing = 0;
		};
/* End PBXFrameworksBuildPhase section */

/* Begin PBXGroup section */
		269582167F065F17C09F584E /* Frameworks */ = {
			isa = PBXGroup;
			children = (
				8AF760D64A817C691DCB0131 /* Pods_Buckskin.framework */,
				E712D81C8777655C7F292D6D /* Pods_BuckskinTests.framework */,
			);
			name = Frameworks;
			sourceTree = "<group>";
		};
		49B1814522A044E90025F6E4 = {
			isa = PBXGroup;
			children = (
				49B1815022A044E90025F6E4 /* Buckskin */,
				49B1816522A044EC0025F6E4 /* BuckskinTests */,
				49B1814F22A044E90025F6E4 /* Products */,
				DCD92B52696FCC09D7AFD8FC /* Pods */,
				269582167F065F17C09F584E /* Frameworks */,
				49B1817F22A0468A0025F6E4 /* Buckskin copy-Info.plist */,
			);
			sourceTree = "<group>";
		};
		49B1814F22A044E90025F6E4 /* Products */ = {
			isa = PBXGroup;
			children = (
				49B1814E22A044E90025F6E4 /* Buckskin.app */,
				49B1816222A044EC0025F6E4 /* BuckskinTests.xctest */,
			);
			name = Products;
			sourceTree = "<group>";
		};
		49B1815022A044E90025F6E4 /* Buckskin */ = {
			isa = PBXGroup;
			children = (
				49B1815122A044E90025F6E4 /* AppDelegate.swift */,
				49B1815322A044E90025F6E4 /* ViewController.swift */,
				49B1815822A044EC0025F6E4 /* Assets.xcassets */,
				49B1815A22A044EC0025F6E4 /* LaunchScreen.storyboard */,
				49B1815D22A044EC0025F6E4 /* Info.plist */,
			);
			path = Buckskin;
			sourceTree = "<group>";
		};
		49B1816522A044EC0025F6E4 /* BuckskinTests */ = {
			isa = PBXGroup;
			children = (
				49B1816622A044EC0025F6E4 /* BuckskinTests.swift */,
				49B1816822A044EC0025F6E4 /* Info.plist */,
			);
			path = BuckskinTests;
			sourceTree = "<group>";
		};
		DCD92B52696FCC09D7AFD8FC /* Pods */ = {
			isa = PBXGroup;
			children = (
				1489D12FABDF89DE8D969BF4 /* Pods-Buckskin.debug.xcconfig */,
				206281D9FEF61A9E85D69A5D /* Pods-Buckskin.release.xcconfig */,
				88D8348393E850BC97AB3C65 /* Pods-BuckskinTests.debug.xcconfig */,
				15CB70BE28B4A0A9A8E8DB91 /* Pods-BuckskinTests.release.xcconfig */,
			);
			path = Pods;
			sourceTree = "<group>";
		};
/* End PBXGroup section */

/* Begin PBXNativeTarget section */
		49B1814D22A044E90025F6E4 /* Buckskin */ = {
			isa = PBXNativeTarget;
			buildConfigurationList = 49B1816B22A044EC0025F6E4 /* Build configuration list for PBXNativeTarget "Buckskin" */;
			buildPhases = (
				37799709C4609165F974E8FA /* [CP] Check Pods Manifest.lock */,
				49B1814A22A044E90025F6E4 /* Sources */,
				49B1814B22A044E90025F6E4 /* Frameworks */,
				49B1814C22A044E90025F6E4 /* Resources */,
			);
			buildRules = (
			);
			dependencies = (
			);
			name = Buckskin;
			productName = Buckskin;
			productReference = 49B1814E22A044E90025F6E4 /* Buckskin.app */;
			productType = "com.apple.product-type.application";
		};
		49B1816122A044EC0025F6E4 /* BuckskinTests */ = {
			isa = PBXNativeTarget;
			buildConfigurationList = 49B1816E22A044EC0025F6E4 /* Build configuration list for PBXNativeTarget "BuckskinTests" */;
			buildPhases = (
				438E9D7FC660E8510C117ED7 /* [CP] Check Pods Manifest.lock */,
				49B1815E22A044EC0025F6E4 /* Sources */,
				49B1815F22A044EC0025F6E4 /* Frameworks */,
				49B1816022A044EC0025F6E4 /* Resources */,
			);
			buildRules = (
			);
			dependencies = (
				49B1816422A044EC0025F6E4 /* PBXTargetDependency */,
			);
			name = BuckskinTests;
			productName = BuckskinTests;
			productReference = 49B1816222A044EC0025F6E4 /* BuckskinTests.xctest */;
			productType = "com.apple.product-type.bundle.unit-test";
		};
/* End PBXNativeTarget section */

/* Begin PBXProject section */
		49B1814622A044E90025F6E4 /* Project object */ = {
			isa = PBXProject;
			attributes = {
				LastSwiftUpdateCheck = 1020;
				LastUpgradeCheck = 1020;
				ORGANIZATIONNAME = GanNaSong;
				TargetAttributes = {
					49B1814D22A044E90025F6E4 = {
						CreatedOnToolsVersion = 10.2.1;
					};
					49B1816122A044EC0025F6E4 = {
						CreatedOnToolsVersion = 10.2.1;
						TestTargetID = 49B1814D22A044E90025F6E4;
					};
				};
			};
			buildConfigurationList = 49B1814922A044E90025F6E4 /* Build configuration list for PBXProject "Buckskin" */;
			compatibilityVersion = "Xcode 9.3";
			developmentRegion = en;
			hasScannedForEncodings = 0;
			knownRegions = (
				en,
				Base,
			);
			mainGroup = 49B1814522A044E90025F6E4;
			productRefGroup = 49B1814F22A044E90025F6E4 /* Products */;
			projectDirPath = "";
			projectRoot = "";
			targets = (
				49B1814D22A044E90025F6E4 /* Buckskin */,
				49B1816122A044EC0025F6E4 /* BuckskinTests */,
			);
		};
/* End PBXProject section */

/* Begin PBXResourcesBuildPhase section */
		49B1814C22A044E90025F6E4 /* Resources */ = {
			isa = PBXResourcesBuildPhase;
			buildActionMask = 2147483647;
			files = (
				49B1815C22A044EC0025F6E4 /* LaunchScreen.storyboard in Resources */,
				49B1815922A044EC0025F6E4 /* Assets.xcassets in Resources */,
			);
			runOnlyForDeploymentPostprocessing = 0;
		};
		49B1816022A044EC0025F6E4 /* Resources */ = {
			isa = PBXResourcesBuildPhase;
			buildActionMask = 2147483647;
			files = (
			);
			runOnlyForDeploymentPostprocessing = 0;
		};
/* End PBXResourcesBuildPhase section */

/* Begin PBXShellScriptBuildPhase section */
		37799709C4609165F974E8FA /* [CP] Check Pods Manifest.lock */ = {
			isa = PBXShellScriptBuildPhase;
			buildActionMask = 2147483647;
			files = (
			);
			inputFileListPaths = (
			);
			inputPaths = (
				"${PODS_PODFILE_DIR_PATH}/Podfile.lock",
				"${PODS_ROOT}/Manifest.lock",
			);
			name = "[CP] Check Pods Manifest.lock";
			outputFileListPaths = (
			);
			outputPaths = (
				"$(DERIVED_FILE_DIR)/Pods-Buckskin-checkManifestLockResult.txt",
			);
			runOnlyForDeploymentPostprocessing = 0;
			shellPath = /bin/sh;
			shellScript = "diff \"${PODS_PODFILE_DIR_PATH}/Podfile.lock\" \"${PODS_ROOT}/Manifest.lock\" > /dev/null\nif [ $? != 0 ] ; then\n    # print error to STDERR\n    echo \"error: The sandbox is not in sync with the Podfile.lock. Run 'pod install' or update your CocoaPods installation.\" >&2\n    exit 1\nfi\n# This output is used by Xcode 'outputs' to avoid re-running this script phase.\necho \"SUCCESS\" > \"${SCRIPT_OUTPUT_FILE_0}\"\n";
			showEnvVarsInLog = 0;
		};
		438E9D7FC660E8510C117ED7 /* [CP] Check Pods Manifest.lock */ = {
			isa = PBXShellScriptBuildPhase;
			buildActionMask = 2147483647;
			files = (
			);
			inputFileListPaths = (
			);
			inputPaths = (
				"${PODS_PODFILE_DIR_PATH}/Podfile.lock",
				"${PODS_ROOT}/Manifest.lock",
			);
			name = "[CP] Check Pods Manifest.lock";
			outputFileListPaths = (
			);
			outputPaths = (
				"$(DERIVED_FILE_DIR)/Pods-BuckskinTests-checkManifestLockResult.txt",
			);
			runOnlyForDeploymentPostprocessing = 0;
			shellPath = /bin/sh;
			shellScript = "diff \"${PODS_PODFILE_DIR_PATH}/Podfile.lock\" \"${PODS_ROOT}/Manifest.lock\" > /dev/null\nif [ $? != 0 ] ; then\n    # print error to STDERR\n    echo \"error: The sandbox is not in sync with the Podfile.lock. Run 'pod install' or update your CocoaPods installation.\" >&2\n    exit 1\nfi\n# This output is used by Xcode 'outputs' to avoid re-running this script phase.\necho \"SUCCESS\" > \"${SCRIPT_OUTPUT_FILE_0}\"\n";
			showEnvVarsInLog = 0;
		};
/* End PBXShellScriptBuildPhase section */

/* Begin PBXSourcesBuildPhase section */
		49B1814A22A044E90025F6E4 /* Sources */ = {
			isa = PBXSourcesBuildPhase;
			buildActionMask = 2147483647;
			files = (
				49B1815422A044E90025F6E4 /* ViewController.swift in Sources */,
				49B1815222A044E90025F6E4 /* AppDelegate.swift in Sources */,
			);
			runOnlyForDeploymentPostprocessing = 0;
		};
		49B1815E22A044EC0025F6E4 /* Sources */ = {
			isa = PBXSourcesBuildPhase;
			buildActionMask = 2147483647;
			files = (
				49B1816722A044EC0025F6E4 /* BuckskinTests.swift in Sources */,
			);
			runOnlyForDeploymentPostprocessing = 0;
		};
/* End PBXSourcesBuildPhase section */

/* Begin PBXTargetDependency section */
		49B1816422A044EC0025F6E4 /* PBXTargetDependency */ = {
			isa = PBXTargetDependency;
			target = 49B1814D22A044E90025F6E4 /* Buckskin */;
			targetProxy = 49B1816322A044EC0025F6E4 /* PBXContainerItemProxy */;
		};
/* End PBXTargetDependency section */

/* Begin PBXVariantGroup section */
		49B1815A22A044EC0025F6E4 /* LaunchScreen.storyboard */ = {
			isa = PBXVariantGroup;
			children = (
				49B1815B22A044EC0025F6E4 /* Base */,
			);
			name = LaunchScreen.storyboard;
			sourceTree = "<group>";
		};
/* End PBXVariantGroup section */

/* Begin XCBuildConfiguration section */
		49B1816922A044EC0025F6E4 /* Debug */ = {
			isa = XCBuildConfiguration;
			buildSettings = {
				ALWAYS_SEARCH_USER_PATHS = NO;
				CLANG_ANALYZER_NONNULL = YES;
				CLANG_ANALYZER_NUMBER_OBJECT_CONVERSION = YES_AGGRESSIVE;
				CLANG_CXX_LANGUAGE_STANDARD = "gnu++14";
				CLANG_CXX_LIBRARY = "libc++";
				CLANG_ENABLE_MODULES = YES;
				CLANG_ENABLE_OBJC_ARC = YES;
				CLANG_ENABLE_OBJC_WEAK = YES;
				CLANG_WARN_BLOCK_CAPTURE_AUTORELEASING = YES;
				CLANG_WARN_BOOL_CONVERSION = YES;
				CLANG_WARN_COMMA = YES;
				CLANG_WARN_CONSTANT_CONVERSION = YES;
				CLANG_WARN_DEPRECATED_OBJC_IMPLEMENTATIONS = YES;
				CLANG_WARN_DIRECT_OBJC_ISA_USAGE = YES_ERROR;
				CLANG_WARN_DOCUMENTATION_COMMENTS = YES;
				CLANG_WARN_EMPTY_BODY = YES;
				CLANG_WARN_ENUM_CONVERSION = YES;
				CLANG_WARN_INFINITE_RECURSION = YES;
				CLANG_WARN_INT_CONVERSION = YES;
				CLANG_WARN_NON_LITERAL_NULL_CONVERSION = YES;
				CLANG_WARN_OBJC_IMPLICIT_RETAIN_SELF = YES;
				CLANG_WARN_OBJC_LITERAL_CONVERSION = YES;
				CLANG_WARN_OBJC_ROOT_CLASS = YES_ERROR;
				CLANG_WARN_RANGE_LOOP_ANALYSIS = YES;
				CLANG_WARN_STRICT_PROTOTYPES = YES;
				CLANG_WARN_SUSPICIOUS_MOVE = YES;
				CLANG_WARN_UNGUARDED_AVAILABILITY = YES_AGGRESSIVE;
				CLANG_WARN_UNREACHABLE_CODE = YES;
				CLANG_WARN__DUPLICATE_METHOD_MATCH = YES;
				CODE_SIGN_IDENTITY = "iPhone Developer";
				COPY_PHASE_STRIP = NO;
				DEBUG_INFORMATION_FORMAT = dwarf;
				ENABLE_STRICT_OBJC_MSGSEND = YES;
				ENABLE_TESTABILITY = YES;
				GCC_C_LANGUAGE_STANDARD = gnu11;
				GCC_DYNAMIC_NO_PIC = NO;
				GCC_NO_COMMON_BLOCKS = YES;
				GCC_OPTIMIZATION_LEVEL = 0;
				GCC_PREPROCESSOR_DEFINITIONS = (
					"DEBUG=1",
					"$(inherited)",
				);
				GCC_WARN_64_TO_32_BIT_CONVERSION = YES;
				GCC_WARN_ABOUT_RETURN_TYPE = YES_ERROR;
				GCC_WARN_UNDECLARED_SELECTOR = YES;
				GCC_WARN_UNINITIALIZED_AUTOS = YES_AGGRESSIVE;
				GCC_WARN_UNUSED_FUNCTION = YES;
				GCC_WARN_UNUSED_VARIABLE = YES;
				IPHONEOS_DEPLOYMENT_TARGET = 12.2;
				MTL_ENABLE_DEBUG_INFO = INCLUDE_SOURCE;
				MTL_FAST_MATH = YES;
				ONLY_ACTIVE_ARCH = YES;
				SDKROOT = iphoneos;
				SWIFT_ACTIVE_COMPILATION_CONDITIONS = DEBUG;
				SWIFT_OPTIMIZATION_LEVEL = "-Onone";
			};
			name = Debug;
		};
		49B1816A22A044EC0025F6E4 /* Release */ = {
			isa = XCBuildConfiguration;
			buildSettings = {
				ALWAYS_SEARCH_USER_PATHS = NO;
				CLANG_ANALYZER_NONNULL = YES;
				CLANG_ANALYZER_NUMBER_OBJECT_CONVERSION = YES_AGGRESSIVE;
				CLANG_CXX_LANGUAGE_STANDARD = "gnu++14";
				CLANG_CXX_LIBRARY = "libc++";
				CLANG_ENABLE_MODULES = YES;
				CLANG_ENABLE_OBJC_ARC = YES;
				CLANG_ENABLE_OBJC_WEAK = YES;
				CLANG_WARN_BLOCK_CAPTURE_AUTORELEASING = YES;
				CLANG_WARN_BOOL_CONVERSION = YES;
				CLANG_WARN_COMMA = YES;
				CLANG_WARN_CONSTANT_CONVERSION = YES;
				CLANG_WARN_DEPRECATED_OBJC_IMPLEMENTATIONS = YES;
				CLANG_WARN_DIRECT_OBJC_ISA_USAGE = YES_ERROR;
				CLANG_WARN_DOCUMENTATION_COMMENTS = YES;
				CLANG_WARN_EMPTY_BODY = YES;
				CLANG_WARN_ENUM_CONVERSION = YES;
				CLANG_WARN_INFINITE_RECURSION = YES;
				CLANG_WARN_INT_CONVERSION = YES;
				CLANG_WARN_NON_LITERAL_NULL_CONVERSION = YES;
				CLANG_WARN_OBJC_IMPLICIT_RETAIN_SELF = YES;
				CLANG_WARN_OBJC_LITERAL_CONVERSION = YES;
				CLANG_WARN_OBJC_ROOT_CLASS = YES_ERROR;
				CLANG_WARN_RANGE_LOOP_ANALYSIS = YES;
				CLANG_WARN_STRICT_PROTOTYPES = YES;
				CLANG_WARN_SUSPICIOUS_MOVE = YES;
				CLANG_WARN_UNGUARDED_AVAILABILITY = YES_AGGRESSIVE;
				CLANG_WARN_UNREACHABLE_CODE = YES;
				CLANG_WARN__DUPLICATE_METHOD_MATCH = YES;
				CODE_SIGN_IDENTITY = "iPhone Developer";
				COPY_PHASE_STRIP = NO;
				DEBUG_INFORMATION_FORMAT = "dwarf-with-dsym";
				ENABLE_NS_ASSERTIONS = NO;
				ENABLE_STRICT_OBJC_MSGSEND = YES;
				GCC_C_LANGUAGE_STANDARD = gnu11;
				GCC_NO_COMMON_BLOCKS = YES;
				GCC_WARN_64_TO_32_BIT_CONVERSION = YES;
				GCC_WARN_ABOUT_RETURN_TYPE = YES_ERROR;
				GCC_WARN_UNDECLARED_SELECTOR = YES;
				GCC_WARN_UNINITIALIZED_AUTOS = YES_AGGRESSIVE;
				GCC_WARN_UNUSED_FUNCTION = YES;
				GCC_WARN_UNUSED_VARIABLE = YES;
				IPHONEOS_DEPLOYMENT_TARGET = 12.2;
				MTL_ENABLE_DEBUG_INFO = NO;
				MTL_FAST_MATH = YES;
				SDKROOT = iphoneos;
				SWIFT_COMPILATION_MODE = wholemodule;
				SWIFT_OPTIMIZATION_LEVEL = "-O";
				VALIDATE_PRODUCT = YES;
			};
			name = Release;
		};
		49B1816C22A044EC0025F6E4 /* Debug */ = {
			isa = XCBuildConfiguration;
			baseConfigurationReference = 1489D12FABDF89DE8D969BF4 /* Pods-Buckskin.debug.xcconfig */;
			buildSettings = {
				ASSETCATALOG_COMPILER_APPICON_NAME = AppIcon;
				CODE_SIGN_IDENTITY = "iPhone Developer";
				CODE_SIGN_STYLE = Manual;
				DEVELOPMENT_TEAM = "";
				INFOPLIST_FILE = Buckskin/Info.plist;
				LD_RUNPATH_SEARCH_PATHS = (
					"$(inherited)",
					"@executable_path/Frameworks",
				);
				PRODUCT_BUNDLE_IDENTIFIER = com.min.Buckskin;
				PRODUCT_NAME = "$(TARGET_NAME)";
				PROVISIONING_PROFILE_SPECIFIER = "";
				SWIFT_VERSION = 5.0;
				TARGETED_DEVICE_FAMILY = "1,2";
			};
			name = Debug;
		};
		49B1816D22A044EC0025F6E4 /* Release */ = {
			isa = XCBuildConfiguration;
			baseConfigurationReference = 206281D9FEF61A9E85D69A5D /* Pods-Buckskin.release.xcconfig */;
			buildSettings = {
				ASSETCATALOG_COMPILER_APPICON_NAME = AppIcon;
				CODE_SIGN_IDENTITY = "iPhone Developer";
				CODE_SIGN_STYLE = Manual;
				DEVELOPMENT_TEAM = "";
				INFOPLIST_FILE = Buckskin/Info.plist;
				LD_RUNPATH_SEARCH_PATHS = (
					"$(inherited)",
					"@executable_path/Frameworks",
				);
				PRODUCT_BUNDLE_IDENTIFIER = com.min.Buckskin;
				PRODUCT_NAME = "$(TARGET_NAME)";
				PROVISIONING_PROFILE_SPECIFIER = "";
				SWIFT_VERSION = 5.0;
				TARGETED_DEVICE_FAMILY = "1,2";
			};
			name = Release;
		};
		49B1816F22A044EC0025F6E4 /* Debug */ = {
			isa = XCBuildConfiguration;
			baseConfigurationReference = 88D8348393E850BC97AB3C65 /* Pods-BuckskinTests.debug.xcconfig */;
			buildSettings = {
				ALWAYS_EMBED_SWIFT_STANDARD_LIBRARIES = YES;
				BUNDLE_LOADER = "$(TEST_HOST)";
				CODE_SIGN_STYLE = Automatic;
				DEVELOPMENT_TEAM = W3V3KSSZTP;
				INFOPLIST_FILE = BuckskinTests/Info.plist;
				LD_RUNPATH_SEARCH_PATHS = (
					"$(inherited)",
					"@executable_path/Frameworks",
					"@loader_path/Frameworks",
				);
				PRODUCT_BUNDLE_IDENTIFIER = com.gannasong.BuckskinTests;
				PRODUCT_NAME = "$(TARGET_NAME)";
				SWIFT_VERSION = 5.0;
				TARGETED_DEVICE_FAMILY = "1,2";
				TEST_HOST = "$(BUILT_PRODUCTS_DIR)/Buckskin.app/Buckskin";
			};
			name = Debug;
		};
		49B1817022A044EC0025F6E4 /* Release */ = {
			isa = XCBuildConfiguration;
			baseConfigurationReference = 15CB70BE28B4A0A9A8E8DB91 /* Pods-BuckskinTests.release.xcconfig */;
			buildSettings = {
				ALWAYS_EMBED_SWIFT_STANDARD_LIBRARIES = YES;
				BUNDLE_LOADER = "$(TEST_HOST)";
				CODE_SIGN_STYLE = Automatic;
				DEVELOPMENT_TEAM = W3V3KSSZTP;
				INFOPLIST_FILE = BuckskinTests/Info.plist;
				LD_RUNPATH_SEARCH_PATHS = (
					"$(inherited)",
					"@executable_path/Frameworks",
					"@loader_path/Frameworks",
				);
				PRODUCT_BUNDLE_IDENTIFIER = com.gannasong.BuckskinTests;
				PRODUCT_NAME = "$(TARGET_NAME)";
				SWIFT_VERSION = 5.0;
				TARGETED_DEVICE_FAMILY = "1,2";
				TEST_HOST = "$(BUILT_PRODUCTS_DIR)/Buckskin.app/Buckskin";
			};
			name = Release;
		};
/* End XCBuildConfiguration section */

/* Begin XCConfigurationList section */
		49B1814922A044E90025F6E4 /* Build configuration list for PBXProject "Buckskin" */ = {
			isa = XCConfigurationList;
			buildConfigurations = (
				49B1816922A044EC0025F6E4 /* Debug */,
				49B1816A22A044EC0025F6E4 /* Release */,
			);
			defaultConfigurationIsVisible = 0;
			defaultConfigurationName = Release;
		};
		49B1816B22A044EC0025F6E4 /* Build configuration list for PBXNativeTarget "Buckskin" */ = {
			isa = XCConfigurationList;
			buildConfigurations = (
				49B1816C22A044EC0025F6E4 /* Debug */,
				49B1816D22A044EC0025F6E4 /* Release */,
			);
			defaultConfigurationIsVisible = 0;
			defaultConfigurationName = Release;
		};
		49B1816E22A044EC0025F6E4 /* Build configuration list for PBXNativeTarget "BuckskinTests" */ = {
			isa = XCConfigurationList;
			buildConfigurations = (
				49B1816F22A044EC0025F6E4 /* Debug */,
				49B1817022A044EC0025F6E4 /* Release */,
			);
			defaultConfigurationIsVisible = 0;
			defaultConfigurationName = Release;
		};
/* End XCConfigurationList section */
	};
	rootObject = 49B1814622A044E90025F6E4 /* Project object */;
}
